// !$*UTF8*$!
{
	archiveVersion = 1;
	classes = {
	};
	objectVersion = 55;
	objects = {

/* Begin PBXBuildFile section */
		275E32D228508E5000FC60DE /* TextView.swift in Sources */ = {isa = PBXBuildFile; fileRef = 275E32D128508E5000FC60DE /* TextView.swift */; };
		275E32D42850A7AD00FC60DE /* ShapesView.swift in Sources */ = {isa = PBXBuildFile; fileRef = 275E32D32850A7AD00FC60DE /* ShapesView.swift */; };
		275E32D62850AE9B00FC60DE /* RoundView.swift in Sources */ = {isa = PBXBuildFile; fileRef = 275E32D52850AE9B00FC60DE /* RoundView.swift */; };
		277476942851D96C00D6D576 /* BackgroundView.swift in Sources */ = {isa = PBXBuildFile; fileRef = 277476932851D96C00D6D576 /* BackgroundView.swift */; };
		277A83B7284F7AD300E1C2CF /* FullBullseyeApp.swift in Sources */ = {isa = PBXBuildFile; fileRef = 277A83B6284F7AD300E1C2CF /* FullBullseyeApp.swift */; };
		277A83B9284F7AD300E1C2CF /* ContentView.swift in Sources */ = {isa = PBXBuildFile; fileRef = 277A83B8284F7AD300E1C2CF /* ContentView.swift */; };
		277A83BB284F7AD700E1C2CF /* Assets.xcassets in Resources */ = {isa = PBXBuildFile; fileRef = 277A83BA284F7AD700E1C2CF /* Assets.xcassets */; };
		277A83BE284F7AD700E1C2CF /* Preview Assets.xcassets in Resources */ = {isa = PBXBuildFile; fileRef = 277A83BD284F7AD700E1C2CF /* Preview Assets.xcassets */; };
		277A83E2284FA42900E1C2CF /* Game.swift in Sources */ = {isa = PBXBuildFile; fileRef = 277A83E1284FA42800E1C2CF /* Game.swift */; };
		277A83EA284FAD4900E1C2CF /* FullBullseyeTests12.swift in Sources */ = {isa = PBXBuildFile; fileRef = 277A83E9284FAD4900E1C2CF /* FullBullseyeTests12.swift */; };
/* End PBXBuildFile section */

/* Begin PBXContainerItemProxy section */
		277A83EB284FAD4900E1C2CF /* PBXContainerItemProxy */ = {
			isa = PBXContainerItemProxy;
			containerPortal = 277A83AB284F7AD300E1C2CF /* Project object */;
			proxyType = 1;
			remoteGlobalIDString = 277A83B2284F7AD300E1C2CF;
			remoteInfo = FullBullseye;
		};
/* End PBXContainerItemProxy section */

/* Begin PBXFileReference section */
		275E32D128508E5000FC60DE /* TextView.swift */ = {isa = PBXFileReference; lastKnownFileType = sourcecode.swift; path = TextView.swift; sourceTree = "<group>"; };
		275E32D32850A7AD00FC60DE /* ShapesView.swift */ = {isa = PBXFileReference; lastKnownFileType = sourcecode.swift; path = ShapesView.swift; sourceTree = "<group>"; };
		275E32D52850AE9B00FC60DE /* RoundView.swift */ = {isa = PBXFileReference; lastKnownFileType = sourcecode.swift; path = RoundView.swift; sourceTree = "<group>"; };
		277476932851D96C00D6D576 /* BackgroundView.swift */ = {isa = PBXFileReference; lastKnownFileType = sourcecode.swift; path = BackgroundView.swift; sourceTree = "<group>"; };
		277A83B3284F7AD300E1C2CF /* FullBullseye.app */ = {isa = PBXFileReference; explicitFileType = wrapper.application; includeInIndex = 0; path = FullBullseye.app; sourceTree = BUILT_PRODUCTS_DIR; };
		277A83B6284F7AD300E1C2CF /* FullBullseyeApp.swift */ = {isa = PBXFileReference; lastKnownFileType = sourcecode.swift; path = FullBullseyeApp.swift; sourceTree = "<group>"; };
		277A83B8284F7AD300E1C2CF /* ContentView.swift */ = {isa = PBXFileReference; lastKnownFileType = sourcecode.swift; path = ContentView.swift; sourceTree = "<group>"; };
		277A83BA284F7AD700E1C2CF /* Assets.xcassets */ = {isa = PBXFileReference; lastKnownFileType = folder.assetcatalog; path = Assets.xcassets; sourceTree = "<group>"; };
		277A83BD284F7AD700E1C2CF /* Preview Assets.xcassets */ = {isa = PBXFileReference; lastKnownFileType = folder.assetcatalog; path = "Preview Assets.xcassets"; sourceTree = "<group>"; };
		277A83E1284FA42800E1C2CF /* Game.swift */ = {isa = PBXFileReference; lastKnownFileType = sourcecode.swift; path = Game.swift; sourceTree = "<group>"; };
		277A83E7284FAD4800E1C2CF /* FullBullseyeTests12.xctest */ = {isa = PBXFileReference; explicitFileType = wrapper.cfbundle; includeInIndex = 0; path = FullBullseyeTests12.xctest; sourceTree = BUILT_PRODUCTS_DIR; };
		277A83E9284FAD4900E1C2CF /* FullBullseyeTests12.swift */ = {isa = PBXFileReference; lastKnownFileType = sourcecode.swift; path = FullBullseyeTests12.swift; sourceTree = "<group>"; };
/* End PBXFileReference section */

/* Begin PBXFrameworksBuildPhase section */
		277A83B0284F7AD300E1C2CF /* Frameworks */ = {
			isa = PBXFrameworksBuildPhase;
			buildActionMask = 2147483647;
			files = (
			);
			runOnlyForDeploymentPostprocessing = 0;
		};
		277A83E4284FAD4800E1C2CF /* Frameworks */ = {
			isa = PBXFrameworksBuildPhase;
			buildActionMask = 2147483647;
			files = (
			);
			runOnlyForDeploymentPostprocessing = 0;
		};
/* End PBXFrameworksBuildPhase section */

/* Begin PBXGroup section */
		277A83AA284F7AD300E1C2CF = {
			isa = PBXGroup;
			children = (
				277A83B5284F7AD300E1C2CF /* FullBullseye */,
				277A83E8284FAD4900E1C2CF /* FullBullseyeTests12 */,
				277A83B4284F7AD300E1C2CF /* Products */,
			);
			sourceTree = "<group>";
		};
		277A83B4284F7AD300E1C2CF /* Products */ = {
			isa = PBXGroup;
			children = (
				277A83B3284F7AD300E1C2CF /* FullBullseye.app */,
				277A83E7284FAD4800E1C2CF /* FullBullseyeTests12.xctest */,
			);
			name = Products;
			sourceTree = "<group>";
		};
		277A83B5284F7AD300E1C2CF /* FullBullseye */ = {
			isa = PBXGroup;
			children = (
				277A83DE284FA2C600E1C2CF /* App */,
				277A83E0284FA2D800E1C2CF /* Models */,
				277A83DF284FA2D000E1C2CF /* View */,
				277A83BC284F7AD700E1C2CF /* Preview Content */,
			);
			path = FullBullseye;
			sourceTree = "<group>";
		};
		277A83BC284F7AD700E1C2CF /* Preview Content */ = {
			isa = PBXGroup;
			children = (
				277A83BD284F7AD700E1C2CF /* Preview Assets.xcassets */,
			);
			path = "Preview Content";
			sourceTree = "<group>";
		};
		277A83DE284FA2C600E1C2CF /* App */ = {
			isa = PBXGroup;
			children = (
				277A83B6284F7AD300E1C2CF /* FullBullseyeApp.swift */,
				277A83BA284F7AD700E1C2CF /* Assets.xcassets */,
			);
			path = App;
			sourceTree = "<group>";
		};
		277A83DF284FA2D000E1C2CF /* View */ = {
			isa = PBXGroup;
			children = (
				277A83B8284F7AD300E1C2CF /* ContentView.swift */,
				277476932851D96C00D6D576 /* BackgroundView.swift */,
				275E32D52850AE9B00FC60DE /* RoundView.swift */,
				275E32D128508E5000FC60DE /* TextView.swift */,
				275E32D32850A7AD00FC60DE /* ShapesView.swift */,
			);
			path = View;
			sourceTree = "<group>";
		};
		277A83E0284FA2D800E1C2CF /* Models */ = {
			isa = PBXGroup;
			children = (
				277A83E1284FA42800E1C2CF /* Game.swift */,
			);
			path = Models;
			sourceTree = "<group>";
		};
		277A83E8284FAD4900E1C2CF /* FullBullseyeTests12 */ = {
			isa = PBXGroup;
			children = (
				277A83E9284FAD4900E1C2CF /* FullBullseyeTests12.swift */,
			);
			path = FullBullseyeTests12;
			sourceTree = "<group>";
		};
/* End PBXGroup section */

/* Begin PBXNativeTarget section */
		277A83B2284F7AD300E1C2CF /* FullBullseye */ = {
			isa = PBXNativeTarget;
			buildConfigurationList = 277A83D5284F7AD800E1C2CF /* Build configuration list for PBXNativeTarget "FullBullseye" */;
			buildPhases = (
				277A83AF284F7AD300E1C2CF /* Sources */,
				277A83B0284F7AD300E1C2CF /* Frameworks */,
				277A83B1284F7AD300E1C2CF /* Resources */,
			);
			buildRules = (
			);
			dependencies = (
			);
			name = FullBullseye;
			productName = FullBullseye;
			productReference = 277A83B3284F7AD300E1C2CF /* FullBullseye.app */;
			productType = "com.apple.product-type.application";
		};
		277A83E6284FAD4800E1C2CF /* FullBullseyeTests12 */ = {
			isa = PBXNativeTarget;
			buildConfigurationList = 277A83ED284FAD4900E1C2CF /* Build configuration list for PBXNativeTarget "FullBullseyeTests12" */;
			buildPhases = (
				277A83E3284FAD4800E1C2CF /* Sources */,
				277A83E4284FAD4800E1C2CF /* Frameworks */,
				277A83E5284FAD4800E1C2CF /* Resources */,
			);
			buildRules = (
			);
			dependencies = (
				277A83EC284FAD4900E1C2CF /* PBXTargetDependency */,
			);
			name = FullBullseyeTests12;
			productName = FullBullseyeTests12;
			productReference = 277A83E7284FAD4800E1C2CF /* FullBullseyeTests12.xctest */;
			productType = "com.apple.product-type.bundle.unit-test";
		};
/* End PBXNativeTarget section */

/* Begin PBXProject section */
		277A83AB284F7AD300E1C2CF /* Project object */ = {
			isa = PBXProject;
			attributes = {
				BuildIndependentTargetsInParallel = 1;
				LastSwiftUpdateCheck = 1300;
				LastUpgradeCheck = 1300;
				TargetAttributes = {
					277A83B2284F7AD300E1C2CF = {
						CreatedOnToolsVersion = 13.0;
					};
					277A83E6284FAD4800E1C2CF = {
						CreatedOnToolsVersion = 13.0;
						TestTargetID = 277A83B2284F7AD300E1C2CF;
					};
				};
			};
			buildConfigurationList = 277A83AE284F7AD300E1C2CF /* Build configuration list for PBXProject "FullBullseye" */;
			compatibilityVersion = "Xcode 13.0";
			developmentRegion = en;
			hasScannedForEncodings = 0;
			knownRegions = (
				en,
				Base,
			);
			mainGroup = 277A83AA284F7AD300E1C2CF;
			productRefGroup = 277A83B4284F7AD300E1C2CF /* Products */;
			projectDirPath = "";
			projectRoot = "";
			targets = (
				277A83E6284FAD4800E1C2CF /* FullBullseyeTests12 */,
				277A83B2284F7AD300E1C2CF /* FullBullseye */,
			);
		};
/* End PBXProject section */

/* Begin PBXResourcesBuildPhase section */
		277A83B1284F7AD300E1C2CF /* Resources */ = {
			isa = PBXResourcesBuildPhase;
			buildActionMask = 2147483647;
			files = (
				277A83BE284F7AD700E1C2CF /* Preview Assets.xcassets in Resources */,
				277A83BB284F7AD700E1C2CF /* Assets.xcassets in Resources */,
			);
			runOnlyForDeploymentPostprocessing = 0;
		};
		277A83E5284FAD4800E1C2CF /* Resources */ = {
			isa = PBXResourcesBuildPhase;
			buildActionMask = 2147483647;
			files = (
			);
			runOnlyForDeploymentPostprocessing = 0;
		};
/* End PBXResourcesBuildPhase section */

/* Begin PBXSourcesBuildPhase section */
		277A83AF284F7AD300E1C2CF /* Sources */ = {
			isa = PBXSourcesBuildPhase;
			buildActionMask = 2147483647;
			files = (
				277A83B9284F7AD300E1C2CF /* ContentView.swift in Sources */,
				275E32D62850AE9B00FC60DE /* RoundView.swift in Sources */,
				275E32D228508E5000FC60DE /* TextView.swift in Sources */,
				277476942851D96C00D6D576 /* BackgroundView.swift in Sources */,
				277A83E2284FA42900E1C2CF /* Game.swift in Sources */,
				275E32D42850A7AD00FC60DE /* ShapesView.swift in Sources */,
				277A83B7284F7AD300E1C2CF /* FullBullseyeApp.swift in Sources */,
			);
			runOnlyForDeploymentPostprocessing = 0;
		};
		277A83E3284FAD4800E1C2CF /* Sources */ = {
			isa = PBXSourcesBuildPhase;
			buildActionMask = 2147483647;
			files = (
				277A83EA284FAD4900E1C2CF /* FullBullseyeTests12.swift in Sources */,
			);
			runOnlyForDeploymentPostprocessing = 0;
		};
/* End PBXSourcesBuildPhase section */

/* Begin PBXTargetDependency section */
		277A83EC284FAD4900E1C2CF /* PBXTargetDependency */ = {
			isa = PBXTargetDependency;
			target = 277A83B2284F7AD300E1C2CF /* FullBullseye */;
			targetProxy = 277A83EB284FAD4900E1C2CF /* PBXContainerItemProxy */;
		};
/* End PBXTargetDependency section */

/* Begin XCBuildConfiguration section */
		277A83D3284F7AD800E1C2CF /* Debug */ = {
			isa = XCBuildConfiguration;
			buildSettings = {
				ALWAYS_SEARCH_USER_PATHS = NO;
				CLANG_ANALYZER_NONNULL = YES;
				CLANG_ANALYZER_NUMBER_OBJECT_CONVERSION = YES_AGGRESSIVE;
				CLANG_CXX_LANGUAGE_STANDARD = "gnu++14";
				CLANG_CXX_LIBRARY = "libc++";
				CLANG_ENABLE_MODULES = YES;
				CLANG_ENABLE_OBJC_ARC = YES;
				CLANG_ENABLE_OBJC_WEAK = YES;
				CLANG_WARN_BLOCK_CAPTURE_AUTORELEASING = YES;
				CLANG_WARN_BOOL_CONVERSION = YES;
				CLANG_WARN_COMMA = YES;
				CLANG_WARN_CONSTANT_CONVERSION = YES;
				CLANG_WARN_DEPRECATED_OBJC_IMPLEMENTATIONS = YES;
				CLANG_WARN_DIRECT_OBJC_ISA_USAGE = YES_ERROR;
				CLANG_WARN_DOCUMENTATION_COMMENTS = YES;
				CLANG_WARN_EMPTY_BODY = YES;
				CLANG_WARN_ENUM_CONVERSION = YES;
				CLANG_WARN_INFINITE_RECURSION = YES;
				CLANG_WARN_INT_CONVERSION = YES;
				CLANG_WARN_NON_LITERAL_NULL_CONVERSION = YES;
				CLANG_WARN_OBJC_IMPLICIT_RETAIN_SELF = YES;
				CLANG_WARN_OBJC_LITERAL_CONVERSION = YES;
				CLANG_WARN_OBJC_ROOT_CLASS = YES_ERROR;
				CLANG_WARN_QUOTED_INCLUDE_IN_FRAMEWORK_HEADER = YES;
				CLANG_WARN_RANGE_LOOP_ANALYSIS = YES;
				CLANG_WARN_STRICT_PROTOTYPES = YES;
				CLANG_WARN_SUSPICIOUS_MOVE = YES;
				CLANG_WARN_UNGUARDED_AVAILABILITY = YES_AGGRESSIVE;
				CLANG_WARN_UNREACHABLE_CODE = YES;
				CLANG_WARN__DUPLICATE_METHOD_MATCH = YES;
				COPY_PHASE_STRIP = NO;
				DEBUG_INFORMATION_FORMAT = dwarf;
				ENABLE_STRICT_OBJC_MSGSEND = YES;
				ENABLE_TESTABILITY = YES;
				GCC_C_LANGUAGE_STANDARD = gnu11;
				GCC_DYNAMIC_NO_PIC = NO;
				GCC_NO_COMMON_BLOCKS = YES;
				GCC_OPTIMIZATION_LEVEL = 0;
				GCC_PREPROCESSOR_DEFINITIONS = (
					"DEBUG=1",
					"$(inherited)",
				);
				GCC_WARN_64_TO_32_BIT_CONVERSION = YES;
				GCC_WARN_ABOUT_RETURN_TYPE = YES_ERROR;
				GCC_WARN_UNDECLARED_SELECTOR = YES;
				GCC_WARN_UNINITIALIZED_AUTOS = YES_AGGRESSIVE;
				GCC_WARN_UNUSED_FUNCTION = YES;
				GCC_WARN_UNUSED_VARIABLE = YES;
				IPHONEOS_DEPLOYMENT_TARGET = 15.0;
				MTL_ENABLE_DEBUG_INFO = INCLUDE_SOURCE;
				MTL_FAST_MATH = YES;
				ONLY_ACTIVE_ARCH = YES;
				SDKROOT = iphoneos;
				SWIFT_ACTIVE_COMPILATION_CONDITIONS = DEBUG;
				SWIFT_OPTIMIZATION_LEVEL = "-Onone";
			};
			name = Debug;
		};
		277A83D4284F7AD800E1C2CF /* Release */ = {
			isa = XCBuildConfiguration;
			buildSettings = {
				ALWAYS_SEARCH_USER_PATHS = NO;
				CLANG_ANALYZER_NONNULL = YES;
				CLANG_ANALYZER_NUMBER_OBJECT_CONVERSION = YES_AGGRESSIVE;
				CLANG_CXX_LANGUAGE_STANDARD = "gnu++14";
				CLANG_CXX_LIBRARY = "libc++";
				CLANG_ENABLE_MODULES = YES;
				CLANG_ENABLE_OBJC_ARC = YES;
				CLANG_ENABLE_OBJC_WEAK = YES;
				CLANG_WARN_BLOCK_CAPTURE_AUTORELEASING = YES;
				CLANG_WARN_BOOL_CONVERSION = YES;
				CLANG_WARN_COMMA = YES;
				CLANG_WARN_CONSTANT_CONVERSION = YES;
				CLANG_WARN_DEPRECATED_OBJC_IMPLEMENTATIONS = YES;
				CLANG_WARN_DIRECT_OBJC_ISA_USAGE = YES_ERROR;
				CLANG_WARN_DOCUMENTATION_COMMENTS = YES;
				CLANG_WARN_EMPTY_BODY = YES;
				CLANG_WARN_ENUM_CONVERSION = YES;
				CLANG_WARN_INFINITE_RECURSION = YES;
				CLANG_WARN_INT_CONVERSION = YES;
				CLANG_WARN_NON_LITERAL_NULL_CONVERSION = YES;
				CLANG_WARN_OBJC_IMPLICIT_RETAIN_SELF = YES;
				CLANG_WARN_OBJC_LITERAL_CONVERSION = YES;
				CLANG_WARN_OBJC_ROOT_CLASS = YES_ERROR;
				CLANG_WARN_QUOTED_INCLUDE_IN_FRAMEWORK_HEADER = YES;
				CLANG_WARN_RANGE_LOOP_ANALYSIS = YES;
				CLANG_WARN_STRICT_PROTOTYPES = YES;
				CLANG_WARN_SUSPICIOUS_MOVE = YES;
				CLANG_WARN_UNGUARDED_AVAILABILITY = YES_AGGRESSIVE;
				CLANG_WARN_UNREACHABLE_CODE = YES;
				CLANG_WARN__DUPLICATE_METHOD_MATCH = YES;
				COPY_PHASE_STRIP = NO;
				DEBUG_INFORMATION_FORMAT = "dwarf-with-dsym";
				ENABLE_NS_ASSERTIONS = NO;
				ENABLE_STRICT_OBJC_MSGSEND = YES;
				GCC_C_LANGUAGE_STANDARD = gnu11;
				GCC_NO_COMMON_BLOCKS = YES;
				GCC_WARN_64_TO_32_BIT_CONVERSION = YES;
				GCC_WARN_ABOUT_RETURN_TYPE = YES_ERROR;
				GCC_WARN_UNDECLARED_SELECTOR = YES;
				GCC_WARN_UNINITIALIZED_AUTOS = YES_AGGRESSIVE;
				GCC_WARN_UNUSED_FUNCTION = YES;
				GCC_WARN_UNUSED_VARIABLE = YES;
				IPHONEOS_DEPLOYMENT_TARGET = 15.0;
				MTL_ENABLE_DEBUG_INFO = NO;
				MTL_FAST_MATH = YES;
				SDKROOT = iphoneos;
				SWIFT_COMPILATION_MODE = wholemodule;
				SWIFT_OPTIMIZATION_LEVEL = "-O";
				VALIDATE_PRODUCT = YES;
			};
			name = Release;
		};
		277A83D6284F7AD800E1C2CF /* Debug */ = {
			isa = XCBuildConfiguration;
			buildSettings = {
				ASSETCATALOG_COMPILER_APPICON_NAME = AppIcon;
				ASSETCATALOG_COMPILER_GLOBAL_ACCENT_COLOR_NAME = AccentColor;
				CODE_SIGN_STYLE = Automatic;
				CURRENT_PROJECT_VERSION = 1;
				DEVELOPMENT_ASSET_PATHS = "\"FullBullseye/Preview Content\"";
				ENABLE_PREVIEWS = YES;
				GENERATE_INFOPLIST_FILE = YES;
				INFOPLIST_KEY_UIApplicationSceneManifest_Generation = YES;
				INFOPLIST_KEY_UIApplicationSupportsIndirectInputEvents = YES;
				INFOPLIST_KEY_UILaunchScreen_Generation = YES;
				INFOPLIST_KEY_UISupportedInterfaceOrientations_iPad = "UIInterfaceOrientationPortrait UIInterfaceOrientationPortraitUpsideDown UIInterfaceOrientationLandscapeLeft UIInterfaceOrientationLandscapeRight";
				INFOPLIST_KEY_UISupportedInterfaceOrientations_iPhone = "UIInterfaceOrientationPortrait UIInterfaceOrientationLandscapeLeft UIInterfaceOrientationLandscapeRight";
				IPHONEOS_DEPLOYMENT_TARGET = 14.0;
				LD_RUNPATH_SEARCH_PATHS = (
					"$(inherited)",
					"@executable_path/Frameworks",
				);
				MARKETING_VERSION = 1.0;
				PRODUCT_BUNDLE_IDENTIFIER = telemetry.FullBullseye;
				PRODUCT_NAME = "$(TARGET_NAME)";
				SWIFT_EMIT_LOC_STRINGS = YES;
				SWIFT_VERSION = 5.0;
				TARGETED_DEVICE_FAMILY = "1,2";
			};
			name = Debug;
		};
		277A83D7284F7AD800E1C2CF /* Release */ = {
			isa = XCBuildConfiguration;
			buildSettings = {
				ASSETCATALOG_COMPILER_APPICON_NAME = AppIcon;
				ASSETCATALOG_COMPILER_GLOBAL_ACCENT_COLOR_NAME = AccentColor;
				CODE_SIGN_STYLE = Automatic;
				CURRENT_PROJECT_VERSION = 1;
				DEVELOPMENT_ASSET_PATHS = "\"FullBullseye/Preview Content\"";
				ENABLE_PREVIEWS = YES;
				GENERATE_INFOPLIST_FILE = YES;
				INFOPLIST_KEY_UIApplicationSceneManifest_Generation = YES;
				INFOPLIST_KEY_UIApplicationSupportsIndirectInputEvents = YES;
				INFOPLIST_KEY_UILaunchScreen_Generation = YES;
				INFOPLIST_KEY_UISupportedInterfaceOrientations_iPad = "UIInterfaceOrientationPortrait UIInterfaceOrientationPortraitUpsideDown UIInterfaceOrientationLandscapeLeft UIInterfaceOrientationLandscapeRight";
				INFOPLIST_KEY_UISupportedInterfaceOrientations_iPhone = "UIInterfaceOrientationPortrait UIInterfaceOrientationLandscapeLeft UIInterfaceOrientationLandscapeRight";
				IPHONEOS_DEPLOYMENT_TARGET = 14.0;
				LD_RUNPATH_SEARCH_PATHS = (
					"$(inherited)",
					"@executable_path/Frameworks",
				);
				MARKETING_VERSION = 1.0;
				PRODUCT_BUNDLE_IDENTIFIER = telemetry.FullBullseye;
				PRODUCT_NAME = "$(TARGET_NAME)";
				SWIFT_EMIT_LOC_STRINGS = YES;
				SWIFT_VERSION = 5.0;
				TARGETED_DEVICE_FAMILY = "1,2";
			};
			name = Release;
		};
		277A83EE284FAD4900E1C2CF /* Debug */ = {
			isa = XCBuildConfiguration;
			buildSettings = {
				BUNDLE_LOADER = "$(TEST_HOST)";
				CODE_SIGN_STYLE = Automatic;
				CURRENT_PROJECT_VERSION = 1;
				GENERATE_INFOPLIST_FILE = YES;
				LD_RUNPATH_SEARCH_PATHS = (
					"$(inherited)",
					"@executable_path/Frameworks",
					"@loader_path/Frameworks",
				);
				MARKETING_VERSION = 1.0;
				PRODUCT_BUNDLE_IDENTIFIER = telemetry.FullBullseyeTests12;
				PRODUCT_NAME = "$(TARGET_NAME)";
				SWIFT_EMIT_LOC_STRINGS = NO;
				SWIFT_VERSION = 5.0;
				TARGETED_DEVICE_FAMILY = "1,2";
				TEST_HOST = "$(BUILT_PRODUCTS_DIR)/FullBullseye.app/FullBullseye";
			};
			name = Debug;
		};
		277A83EF284FAD4900E1C2CF /* Release */ = {
			isa = XCBuildConfiguration;
			buildSettings = {
				BUNDLE_LOADER = "$(TEST_HOST)";
				CODE_SIGN_STYLE = Automatic;
				CURRENT_PROJECT_VERSION = 1;
				GENERATE_INFOPLIST_FILE = YES;
				LD_RUNPATH_SEARCH_PATHS = (
					"$(inherited)",
					"@executable_path/Frameworks",
					"@loader_path/Frameworks",
				);
				MARKETING_VERSION = 1.0;
				PRODUCT_BUNDLE_IDENTIFIER = telemetry.FullBullseyeTests12;
				PRODUCT_NAME = "$(TARGET_NAME)";
				SWIFT_EMIT_LOC_STRINGS = NO;
				SWIFT_VERSION = 5.0;
				TARGETED_DEVICE_FAMILY = "1,2";
				TEST_HOST = "$(BUILT_PRODUCTS_DIR)/FullBullseye.app/FullBullseye";
			};
			name = Release;
		};
/* End XCBuildConfiguration section */

/* Begin XCConfigurationList section */
		277A83AE284F7AD300E1C2CF /* Build configuration list for PBXProject "FullBullseye" */ = {
			isa = XCConfigurationList;
			buildConfigurations = (
				277A83D3284F7AD800E1C2CF /* Debug */,
				277A83D4284F7AD800E1C2CF /* Release */,
			);
			defaultConfigurationIsVisible = 0;
			defaultConfigurationName = Release;
		};
		277A83D5284F7AD800E1C2CF /* Build configuration list for PBXNativeTarget "FullBullseye" */ = {
			isa = XCConfigurationList;
			buildConfigurations = (
				277A83D6284F7AD800E1C2CF /* Debug */,
				277A83D7284F7AD800E1C2CF /* Release */,
			);
			defaultConfigurationIsVisible = 0;
			defaultConfigurationName = Release;
		};
		277A83ED284FAD4900E1C2CF /* Build configuration list for PBXNativeTarget "FullBullseyeTests12" */ = {
			isa = XCConfigurationList;
			buildConfigurations = (
				277A83EE284FAD4900E1C2CF /* Debug */,
				277A83EF284FAD4900E1C2CF /* Release */,
			);
			defaultConfigurationIsVisible = 0;
			defaultConfigurationName = Release;
		};
/* End XCConfigurationList section */
	};
	rootObject = 277A83AB284F7AD300E1C2CF /* Project object */;
}
